
Microsoft Visual Studio Solution File, Format Version 12.00
# Visual Studio Version 16
VisualStudioVersion = 16.0.32802.440
MinimumVisualStudioVersion = 10.0.40219.1
Project("{FAE04EC0-301F-11D3-BF4B-00C04F79EFBC}") = "Proyecto", "Proyecto\Proyecto.csproj", "{5D09E6A5-24B6-4B60-BFDE-215226D369C9}"
EndProject
Global
	GlobalSection(SolutionConfigurationPlatforms) = preSolution
		Debug|Any CPU = Debug|Any CPU
		Release|Any CPU = Release|Any CPU
	EndGlobalSection
	GlobalSection(ProjectConfigurationPlatforms) = postSolution
		{5D09E6A5-24B6-4B60-BFDE-215226D369C9}.Debug|Any CPU.ActiveCfg = Debug|Any CPU
		{5D09E6A5-24B6-4B60-BFDE-215226D369C9}.Debug|Any CPU.Build.0 = Debug|Any CPU
		{5D09E6A5-24B6-4B60-BFDE-215226D369C9}.Release|Any CPU.ActiveCfg = Release|Any CPU
		{5D09E6A5-24B6-4B60-BFDE-215226D369C9}.Release|Any CPU.Build.0 = Release|Any CPU
	EndGlobalSection
	GlobalSection(SolutionProperties) = preSolution
		HideSolutionNode = FALSE
	EndGlobalSection
	GlobalSection(ExtensibilityGlobals) = postSolution
		SolutionGuid = {2FF85986-8CB8-4DEB-8919-64E7745939D6}
	EndGlobalSection
EndGlobal
